<?xml version="1.0" encoding="utf-8"?>
<Project ToolsVersion="4.0" xmlns="http://schemas.microsoft.com/developer/msbuild/2003">
  <ItemGroup>
    <Filter Include="win32">
      <UniqueIdentifier>{84a8ebd7-7cf0-47f6-b75e-d441df67da40}</UniqueIdentifier>
    </Filter>
    <Filter Include="resource">
      <UniqueIdentifier>{715254bc-d70b-4ec5-bf29-467dd3ace079}</UniqueIdentifier>
    </Filter>
    <Filter Include="src">
      <UniqueIdentifier>{bb6c862e-70e9-49d9-81b7-3829a6f50471}</UniqueIdentifier>
    </Filter>
    <Filter Include="include">
      <UniqueIdentifier>{c874eb66-4724-4f8c-89be-8b1c21ad3690}</UniqueIdentifier>
    </Filter>
    <Filter Include="resource\Data">
      <UniqueIdentifier>{755e53a0-8879-4f9d-9f30-2385d88acaf6}</UniqueIdentifier>
    </Filter>
  </ItemGroup>
  <ItemGroup>
    <ClCompile Include="main.cpp">
      <Filter>win32</Filter>
    </ClCompile>
    <ClCompile Include="..\Classes\src\AppDelegate.cpp">
      <Filter>src</Filter>
    </ClCompile>
    <ClCompile Include="..\Classes\src\GameData.cpp">
      <Filter>src</Filter>
    </ClCompile>
    <ClCompile Include="..\Classes\src\GameOverScene.cpp">
      <Filter>src</Filter>
    </ClCompile>
    <ClCompile Include="..\Classes\src\GameScene.cpp">
      <Filter>src</Filter>
    </ClCompile>
    <ClCompile Include="..\Classes\src\LevelLoader.cpp">
      <Filter>src</Filter>
    </ClCompile>
    <ClCompile Include="..\Classes\src\MainMenuScene.cpp">
      <Filter>src</Filter>
    </ClCompile>
    <ClCompile Include="..\Classes\src\PauseMenuScene.cpp">
      <Filter>src</Filter>
    </ClCompile>
    <ClCompile Include="..\Classes\src\TowerBase.cpp">
      <Filter>src</Filter>
    </ClCompile>
    <ClCompile Include="..\Classes\src\TowerGun.cpp">
      <Filter>src</Filter>
    </ClCompile>
    <ClCompile Include="..\Classes\src\Projectile.cpp">
      <Filter>src</Filter>
    </ClCompile>
  </ItemGroup>
  <ItemGroup>
    <ClInclude Include="main.h">
      <Filter>win32</Filter>
    </ClInclude>
    <ClInclude Include="..\Classes\include\AppDelegate.h">
      <Filter>include</Filter>
    </ClInclude>
    <ClInclude Include="..\Classes\include\GameData.h">
      <Filter>include</Filter>
    </ClInclude>
    <ClInclude Include="..\Classes\include\GameOverScene.h">
      <Filter>include</Filter>
    </ClInclude>
    <ClInclude Include="..\Classes\include\GameScene.h">
      <Filter>include</Filter>
    </ClInclude>
    <ClInclude Include="..\Classes\include\LevelLoader.h">
      <Filter>include</Filter>
    </ClInclude>
    <ClInclude Include="..\Classes\include\MainMenuScene.h">
      <Filter>include</Filter>
    </ClInclude>
    <ClInclude Include="..\Classes\include\PauseMenuScene.h">
      <Filter>include</Filter>
    </ClInclude>
    <ClInclude Include="GameStates.h">
      <Filter>include</Filter>
    </ClInclude>
    <ClInclude Include="..\Classes\include\TowerBase.h">
      <Filter>include</Filter>
    </ClInclude>
    <ClInclude Include="..\Classes\include\TowerGun.h">
      <Filter>include</Filter>
    </ClInclude>
    <ClInclude Include="..\Classes\include\Projectile.h">
      <Filter>include</Filter>
    </ClInclude>
  </ItemGroup>
  <ItemGroup>
    <ResourceCompile Include="game.rc">
      <Filter>resource</Filter>
    </ResourceCompile>
  </ItemGroup>
  <ItemGroup>
    <Image Include="..\..\..\..\Users\Aaron Keating\Desktop\Game_Title.png">
      <Filter>resource</Filter>
    </Image>
    <Image Include="..\..\..\..\Users\Aaron Keating\Desktop\Play_Button(Click).png">
      <Filter>resource</Filter>
    </Image>
    <Image Include="..\..\..\..\Users\Aaron Keating\Desktop\Play_Button.png">
      <Filter>resource</Filter>
    </Image>
  </ItemGroup>
  <ItemGroup>
    <None Include="..\Resources\data\GeneralGameData.json">
      <Filter>resource\Data</Filter>
    </None>
  </ItemGroup>
</Project>